// !$*UTF8*$!
{
	archiveVersion = 1;
	classes = {
	};
	objectVersion = 50;
	objects = {

/* Begin PBXBuildFile section */
		68974DA806EEC598D4E56C77 /* Pods_myapp.framework in Frameworks */ = {isa = PBXBuildFile; fileRef = 4880F2FF9088F8AEE29918B1 /* Pods_myapp.framework */; };
		D153FAA42525989B0012AAAA /* AppDelegate.swift in Sources */ = {isa = PBXBuildFile; fileRef = D153FAA32525989B0012AAAA /* AppDelegate.swift */; };
		D153FAA62525989B0012AAAA /* SceneDelegate.swift in Sources */ = {isa = PBXBuildFile; fileRef = D153FAA52525989B0012AAAA /* SceneDelegate.swift */; };
		D153FAA82525989B0012AAAA /* ContentView.swift in Sources */ = {isa = PBXBuildFile; fileRef = D153FAA72525989B0012AAAA /* ContentView.swift */; };
		D153FAAA2525989C0012AAAA /* Assets.xcassets in Resources */ = {isa = PBXBuildFile; fileRef = D153FAA92525989C0012AAAA /* Assets.xcassets */; };
		D153FAAD2525989C0012AAAA /* Preview Assets.xcassets in Resources */ = {isa = PBXBuildFile; fileRef = D153FAAC2525989C0012AAAA /* Preview Assets.xcassets */; };
		D153FAB02525989C0012AAAA /* LaunchScreen.storyboard in Resources */ = {isa = PBXBuildFile; fileRef = D153FAAE2525989C0012AAAA /* LaunchScreen.storyboard */; };
		D153FAB9252598B20012AAAA /* Page1.swift in Sources */ = {isa = PBXBuildFile; fileRef = D153FAB8252598B20012AAAA /* Page1.swift */; };
		D153FABC252598BB0012AAAA /* Page2.swift in Sources */ = {isa = PBXBuildFile; fileRef = D153FABB252598BB0012AAAA /* Page2.swift */; };
/* End PBXBuildFile section */

/* Begin PBXFileReference section */
		398A265CD0E5FBBCD162C759 /* Pods-myapp.debug.xcconfig */ = {isa = PBXFileReference; includeInIndex = 1; lastKnownFileType = text.xcconfig; name = "Pods-myapp.debug.xcconfig"; path = "Target Support Files/Pods-myapp/Pods-myapp.debug.xcconfig"; sourceTree = "<group>"; };
		4880F2FF9088F8AEE29918B1 /* Pods_myapp.framework */ = {isa = PBXFileReference; explicitFileType = wrapper.framework; includeInIndex = 0; path = Pods_myapp.framework; sourceTree = BUILT_PRODUCTS_DIR; };
		D153FAA02525989B0012AAAA /* myapp.app */ = {isa = PBXFileReference; explicitFileType = wrapper.application; includeInIndex = 0; path = myapp.app; sourceTree = BUILT_PRODUCTS_DIR; };
		D153FAA32525989B0012AAAA /* AppDelegate.swift */ = {isa = PBXFileReference; lastKnownFileType = sourcecode.swift; path = AppDelegate.swift; sourceTree = "<group>"; };
		D153FAA52525989B0012AAAA /* SceneDelegate.swift */ = {isa = PBXFileReference; lastKnownFileType = sourcecode.swift; path = SceneDelegate.swift; sourceTree = "<group>"; };
		D153FAA72525989B0012AAAA /* ContentView.swift */ = {isa = PBXFileReference; lastKnownFileType = sourcecode.swift; path = ContentView.swift; sourceTree = "<group>"; };
		D153FAA92525989C0012AAAA /* Assets.xcassets */ = {isa = PBXFileReference; lastKnownFileType = folder.assetcatalog; path = Assets.xcassets; sourceTree = "<group>"; };
		D153FAAC2525989C0012AAAA /* Preview Assets.xcassets */ = {isa = PBXFileReference; lastKnownFileType = folder.assetcatalog; path = "Preview Assets.xcassets"; sourceTree = "<group>"; };
		D153FAAF2525989C0012AAAA /* Base */ = {isa = PBXFileReference; lastKnownFileType = file.storyboard; name = Base; path = Base.lproj/LaunchScreen.storyboard; sourceTree = "<group>"; };
		D153FAB12525989C0012AAAA /* Info.plist */ = {isa = PBXFileReference; lastKnownFileType = text.plist.xml; path = Info.plist; sourceTree = "<group>"; };
		D153FAB8252598B20012AAAA /* Page1.swift */ = {isa = PBXFileReference; lastKnownFileType = sourcecode.swift; path = Page1.swift; sourceTree = "<group>"; };
		D153FABB252598BB0012AAAA /* Page2.swift */ = {isa = PBXFileReference; lastKnownFileType = sourcecode.swift; path = Page2.swift; sourceTree = "<group>"; };
		E6A49EF2D5D0B83141AE3FBB /* Pods-myapp.release.xcconfig */ = {isa = PBXFileReference; includeInIndex = 1; lastKnownFileType = text.xcconfig; name = "Pods-myapp.release.xcconfig"; path = "Target Support Files/Pods-myapp/Pods-myapp.release.xcconfig"; sourceTree = "<group>"; };
/* End PBXFileReference section */

/* Begin PBXFrameworksBuildPhase section */
		D153FA9D2525989B0012AAAA /* Frameworks */ = {
			isa = PBXFrameworksBuildPhase;
			buildActionMask = 2147483647;
			files = (
				68974DA806EEC598D4E56C77 /* Pods_myapp.framework in Frameworks */,
			);
			runOnlyForDeploymentPostprocessing = 0;
		};
/* End PBXFrameworksBuildPhase section */

/* Begin PBXGroup section */
		8A5A975DD2F3CD0CCB1B029D /* Frameworks */ = {
			isa = PBXGroup;
			children = (
				4880F2FF9088F8AEE29918B1 /* Pods_myapp.framework */,
			);
			name = Frameworks;
			sourceTree = "<group>";
		};
		D153FA972525989B0012AAAA = {
			isa = PBXGroup;
			children = (
				D153FAA22525989B0012AAAA /* myapp */,
				D153FAA12525989B0012AAAA /* Products */,
				E75000FF8AD41CE6DBABEAE7 /* Pods */,
				8A5A975DD2F3CD0CCB1B029D /* Frameworks */,
			);
			sourceTree = "<group>";
		};
		D153FAA12525989B0012AAAA /* Products */ = {
			isa = PBXGroup;
			children = (
				D153FAA02525989B0012AAAA /* myapp.app */,
			);
			name = Products;
			sourceTree = "<group>";
		};
		D153FAA22525989B0012AAAA /* myapp */ = {
			isa = PBXGroup;
			children = (
				D153FAA32525989B0012AAAA /* AppDelegate.swift */,
				D153FAA52525989B0012AAAA /* SceneDelegate.swift */,
				D153FAA72525989B0012AAAA /* ContentView.swift */,
				D153FAB8252598B20012AAAA /* Page1.swift */,
				D153FABB252598BB0012AAAA /* Page2.swift */,
				D153FAA92525989C0012AAAA /* Assets.xcassets */,
				D153FAAE2525989C0012AAAA /* LaunchScreen.storyboard */,
				D153FAB12525989C0012AAAA /* Info.plist */,
				D153FAAB2525989C0012AAAA /* Preview Content */,
			);
			path = myapp;
			sourceTree = "<group>";
		};
		D153FAAB2525989C0012AAAA /* Preview Content */ = {
			isa = PBXGroup;
			children = (
				D153FAAC2525989C0012AAAA /* Preview Assets.xcassets */,
			);
			path = "Preview Content";
			sourceTree = "<group>";
		};
		E75000FF8AD41CE6DBABEAE7 /* Pods */ = {
			isa = PBXGroup;
			children = (
				398A265CD0E5FBBCD162C759 /* Pods-myapp.debug.xcconfig */,
				E6A49EF2D5D0B83141AE3FBB /* Pods-myapp.release.xcconfig */,
			);
			name = Pods;
			path = Pods;
			sourceTree = "<group>";
		};
/* End PBXGroup section */

/* Begin PBXNativeTarget section */
		D153FA9F2525989B0012AAAA /* myapp */ = {
			isa = PBXNativeTarget;
			buildConfigurationList = D153FAB42525989C0012AAAA /* Build configuration list for PBXNativeTarget "myapp" */;
			buildPhases = (
				14DDADCD98021CDBFF903218 /* [CP] Check Pods Manifest.lock */,
				D153FA9C2525989B0012AAAA /* Sources */,
				D153FA9D2525989B0012AAAA /* Frameworks */,
				D153FA9E2525989B0012AAAA /* Resources */,
				F9D75C9FBB2EB351634D559E /* [CP] Embed Pods Frameworks */,
			);
			buildRules = (
			);
			dependencies = (
			);
			name = myapp;
			productName = myapp;
			productReference = D153FAA02525989B0012AAAA /* myapp.app */;
			productType = "com.apple.product-type.application";
		};
/* End PBXNativeTarget section */

/* Begin PBXProject section */
		D153FA982525989B0012AAAA /* Project object */ = {
			isa = PBXProject;
			attributes = {
				LastSwiftUpdateCheck = 1200;
				LastUpgradeCheck = 1200;
				TargetAttributes = {
					D153FA9F2525989B0012AAAA = {
						CreatedOnToolsVersion = 12.0.1;
					};
				};
			};
			buildConfigurationList = D153FA9B2525989B0012AAAA /* Build configuration list for PBXProject "myapp" */;
			compatibilityVersion = "Xcode 9.3";
			developmentRegion = en;
			hasScannedForEncodings = 0;
			knownRegions = (
				en,
				Base,
			);
			mainGroup = D153FA972525989B0012AAAA;
			productRefGroup = D153FAA12525989B0012AAAA /* Products */;
			projectDirPath = "";
			projectRoot = "";
			targets = (
				D153FA9F2525989B0012AAAA /* myapp */,
			);
		};
/* End PBXProject section */

/* Begin PBXResourcesBuildPhase section */
		D153FA9E2525989B0012AAAA /* Resources */ = {
			isa = PBXResourcesBuildPhase;
			buildActionMask = 2147483647;
			files = (
				D153FAB02525989C0012AAAA /* LaunchScreen.storyboard in Resources */,
				D153FAAD2525989C0012AAAA /* Preview Assets.xcassets in Resources */,
				D153FAAA2525989C0012AAAA /* Assets.xcassets in Resources */,
			);
			runOnlyForDeploymentPostprocessing = 0;
		};
/* End PBXResourcesBuildPhase section */

/* Begin PBXShellScriptBuildPhase section */
		14DDADCD98021CDBFF903218 /* [CP] Check Pods Manifest.lock */ = {
			isa = PBXShellScriptBuildPhase;
			buildActionMask = 2147483647;
			files = (
			);
			inputFileListPaths = (
			);
			inputPaths = (
				"${PODS_PODFILE_DIR_PATH}/Podfile.lock",
				"${PODS_ROOT}/Manifest.lock",
			);
			name = "[CP] Check Pods Manifest.lock";
			outputFileListPaths = (
			);
			outputPaths = (
				"$(DERIVED_FILE_DIR)/Pods-myapp-checkManifestLockResult.txt",
			);
			runOnlyForDeploymentPostprocessing = 0;
			shellPath = /bin/sh;
			shellScript = "diff \"${PODS_PODFILE_DIR_PATH}/Podfile.lock\" \"${PODS_ROOT}/Manifest.lock\" > /dev/null\nif [ $? != 0 ] ; then\n    # print error to STDERR\n    echo \"error: The sandbox is not in sync with the Podfile.lock. Run 'pod install' or update your CocoaPods installation.\" >&2\n    exit 1\nfi\n# This output is used by Xcode 'outputs' to avoid re-running this script phase.\necho \"SUCCESS\" > \"${SCRIPT_OUTPUT_FILE_0}\"\n";
			showEnvVarsInLog = 0;
		};
		F9D75C9FBB2EB351634D559E /* [CP] Embed Pods Frameworks */ = {
			isa = PBXShellScriptBuildPhase;
			buildActionMask = 2147483647;
			files = (
			);
			inputFileListPaths = (
				"${PODS_ROOT}/Target Support Files/Pods-myapp/Pods-myapp-frameworks-${CONFIGURATION}-input-files.xcfilelist",
			);
			name = "[CP] Embed Pods Frameworks";
			outputFileListPaths = (
				"${PODS_ROOT}/Target Support Files/Pods-myapp/Pods-myapp-frameworks-${CONFIGURATION}-output-files.xcfilelist",
			);
			runOnlyForDeploymentPostprocessing = 0;
			shellPath = /bin/sh;
			shellScript = "\"${PODS_ROOT}/Target Support Files/Pods-myapp/Pods-myapp-frameworks.sh\"\n";
			showEnvVarsInLog = 0;
		};
/* End PBXShellScriptBuildPhase section */

/* Begin PBXSourcesBuildPhase section */
		D153FA9C2525989B0012AAAA /* Sources */ = {
			isa = PBXSourcesBuildPhase;
			buildActionMask = 2147483647;
			files = (
				D153FAB9252598B20012AAAA /* Page1.swift in Sources */,
				D153FAA42525989B0012AAAA /* AppDelegate.swift in Sources */,
				D153FAA62525989B0012AAAA /* SceneDelegate.swift in Sources */,
				D153FAA82525989B0012AAAA /* ContentView.swift in Sources */,
				D153FABC252598BB0012AAAA /* Page2.swift in Sources */,
			);
			runOnlyForDeploymentPostprocessing = 0;
		};
/* End PBXSourcesBuildPhase section */

/* Begin PBXVariantGroup section */
		D153FAAE2525989C0012AAAA /* LaunchScreen.storyboard */ = {
			isa = PBXVariantGroup;
			children = (
				D153FAAF2525989C0012AAAA /* Base */,
			);
			name = LaunchScreen.storyboard;
			sourceTree = "<group>";
		};
/* End PBXVariantGroup section */

/* Begin XCBuildConfiguration section */
		D153FAB22525989C0012AAAA /* Debug */ = {
			isa = XCBuildConfiguration;
			buildSettings = {
				ALWAYS_SEARCH_USER_PATHS = NO;
				CLANG_ANALYZER_NONNULL = YES;
				CLANG_ANALYZER_NUMBER_OBJECT_CONVERSION = YES_AGGRESSIVE;
				CLANG_CXX_LANGUAGE_STANDARD = "gnu++14";
				CLANG_CXX_LIBRARY = "libc++";
				CLANG_ENABLE_MODULES = YES;
				CLANG_ENABLE_OBJC_ARC = YES;
				CLANG_ENABLE_OBJC_WEAK = YES;
				CLANG_WARN_BLOCK_CAPTURE_AUTORELEASING = YES;
				CLANG_WARN_BOOL_CONVERSION = YES;
				CLANG_WARN_COMMA = YES;
				CLANG_WARN_CONSTANT_CONVERSION = YES;
				CLANG_WARN_DEPRECATED_OBJC_IMPLEMENTATIONS = YES;
				CLANG_WARN_DIRECT_OBJC_ISA_USAGE = YES_ERROR;
				CLANG_WARN_DOCUMENTATION_COMMENTS = YES;
				CLANG_WARN_EMPTY_BODY = YES;
				CLANG_WARN_ENUM_CONVERSION = YES;
				CLANG_WARN_INFINITE_RECURSION = YES;
				CLANG_WARN_INT_CONVERSION = YES;
				CLANG_WARN_NON_LITERAL_NULL_CONVERSION = YES;
				CLANG_WARN_OBJC_IMPLICIT_RETAIN_SELF = YES;
				CLANG_WARN_OBJC_LITERAL_CONVERSION = YES;
				CLANG_WARN_OBJC_ROOT_CLASS = YES_ERROR;
				CLANG_WARN_QUOTED_INCLUDE_IN_FRAMEWORK_HEADER = YES;
				CLANG_WARN_RANGE_LOOP_ANALYSIS = YES;
				CLANG_WARN_STRICT_PROTOTYPES = YES;
				CLANG_WARN_SUSPICIOUS_MOVE = YES;
				CLANG_WARN_UNGUARDED_AVAILABILITY = YES_AGGRESSIVE;
				CLANG_WARN_UNREACHABLE_CODE = YES;
				CLANG_WARN__DUPLICATE_METHOD_MATCH = YES;
				COPY_PHASE_STRIP = NO;
				DEBUG_INFORMATION_FORMAT = dwarf;
				ENABLE_STRICT_OBJC_MSGSEND = YES;
				ENABLE_TESTABILITY = YES;
				GCC_C_LANGUAGE_STANDARD = gnu11;
				GCC_DYNAMIC_NO_PIC = NO;
				GCC_NO_COMMON_BLOCKS = YES;
				GCC_OPTIMIZATION_LEVEL = 0;
				GCC_PREPROCESSOR_DEFINITIONS = (
					"DEBUG=1",
					"$(inherited)",
				);
				GCC_WARN_64_TO_32_BIT_CONVERSION = YES;
				GCC_WARN_ABOUT_RETURN_TYPE = YES_ERROR;
				GCC_WARN_UNDECLARED_SELECTOR = YES;
				GCC_WARN_UNINITIALIZED_AUTOS = YES_AGGRESSIVE;
				GCC_WARN_UNUSED_FUNCTION = YES;
				GCC_WARN_UNUSED_VARIABLE = YES;
				IPHONEOS_DEPLOYMENT_TARGET = 13.1;
				MTL_ENABLE_DEBUG_INFO = INCLUDE_SOURCE;
				MTL_FAST_MATH = YES;
				ONLY_ACTIVE_ARCH = YES;
				SDKROOT = iphoneos;
				SWIFT_ACTIVE_COMPILATION_CONDITIONS = DEBUG;
				SWIFT_OPTIMIZATION_LEVEL = "-Onone";
			};
			name = Debug;
		};
		D153FAB32525989C0012AAAA /* Release */ = {
			isa = XCBuildConfiguration;
			buildSettings = {
				ALWAYS_SEARCH_USER_PATHS = NO;
				CLANG_ANALYZER_NONNULL = YES;
				CLANG_ANALYZER_NUMBER_OBJECT_CONVERSION = YES_AGGRESSIVE;
				CLANG_CXX_LANGUAGE_STANDARD = "gnu++14";
				CLANG_CXX_LIBRARY = "libc++";
				CLANG_ENABLE_MODULES = YES;
				CLANG_ENABLE_OBJC_ARC = YES;
				CLANG_ENABLE_OBJC_WEAK = YES;
				CLANG_WARN_BLOCK_CAPTURE_AUTORELEASING = YES;
				CLANG_WARN_BOOL_CONVERSION = YES;
				CLANG_WARN_COMMA = YES;
				CLANG_WARN_CONSTANT_CONVERSION = YES;
				CLANG_WARN_DEPRECATED_OBJC_IMPLEMENTATIONS = YES;
				CLANG_WARN_DIRECT_OBJC_ISA_USAGE = YES_ERROR;
				CLANG_WARN_DOCUMENTATION_COMMENTS = YES;
				CLANG_WARN_EMPTY_BODY = YES;
				CLANG_WARN_ENUM_CONVERSION = YES;
				CLANG_WARN_INFINITE_RECURSION = YES;
				CLANG_WARN_INT_CONVERSION = YES;
				CLANG_WARN_NON_LITERAL_NULL_CONVERSION = YES;
				CLANG_WARN_OBJC_IMPLICIT_RETAIN_SELF = YES;
				CLANG_WARN_OBJC_LITERAL_CONVERSION = YES;
				CLANG_WARN_OBJC_ROOT_CLASS = YES_ERROR;
				CLANG_WARN_QUOTED_INCLUDE_IN_FRAMEWORK_HEADER = YES;
				CLANG_WARN_RANGE_LOOP_ANALYSIS = YES;
				CLANG_WARN_STRICT_PROTOTYPES = YES;
				CLANG_WARN_SUSPICIOUS_MOVE = YES;
				CLANG_WARN_UNGUARDED_AVAILABILITY = YES_AGGRESSIVE;
				CLANG_WARN_UNREACHABLE_CODE = YES;
				CLANG_WARN__DUPLICATE_METHOD_MATCH = YES;
				COPY_PHASE_STRIP = NO;
				DEBUG_INFORMATION_FORMAT = "dwarf-with-dsym";
				ENABLE_NS_ASSERTIONS = NO;
				ENABLE_STRICT_OBJC_MSGSEND = YES;
				GCC_C_LANGUAGE_STANDARD = gnu11;
				GCC_NO_COMMON_BLOCKS = YES;
				GCC_WARN_64_TO_32_BIT_CONVERSION = YES;
				GCC_WARN_ABOUT_RETURN_TYPE = YES_ERROR;
				GCC_WARN_UNDECLARED_SELECTOR = YES;
				GCC_WARN_UNINITIALIZED_AUTOS = YES_AGGRESSIVE;
				GCC_WARN_UNUSED_FUNCTION = YES;
				GCC_WARN_UNUSED_VARIABLE = YES;
				IPHONEOS_DEPLOYMENT_TARGET = 13.1;
				MTL_ENABLE_DEBUG_INFO = NO;
				MTL_FAST_MATH = YES;
				SDKROOT = iphoneos;
				SWIFT_COMPILATION_MODE = wholemodule;
				SWIFT_OPTIMIZATION_LEVEL = "-O";
				VALIDATE_PRODUCT = YES;
			};
			name = Release;
		};
		D153FAB52525989C0012AAAA /* Debug */ = {
			isa = XCBuildConfiguration;
			baseConfigurationReference = 398A265CD0E5FBBCD162C759 /* Pods-myapp.debug.xcconfig */;
			buildSettings = {
				ASSETCATALOG_COMPILER_APPICON_NAME = AppIcon;
				ASSETCATALOG_COMPILER_GLOBAL_ACCENT_COLOR_NAME = AccentColor;
				CODE_SIGN_STYLE = Automatic;
				DEVELOPMENT_ASSET_PATHS = "\"myapp/Preview Content\"";
				DEVELOPMENT_TEAM = W5834N4NK9;
				ENABLE_PREVIEWS = YES;
				INFOPLIST_FILE = myapp/Info.plist;
				LD_RUNPATH_SEARCH_PATHS = (
					"$(inherited)",
					"@executable_path/Frameworks",
				);
				PRODUCT_BUNDLE_IDENTIFIER = com.komavideo.myapp;
				PRODUCT_NAME = "$(TARGET_NAME)";
				SWIFT_VERSION = 5.0;
				TARGETED_DEVICE_FAMILY = "1,2";
			};
			name = Debug;
		};
		D153FAB62525989C0012AAAA /* Release */ = {
			isa = XCBuildConfiguration;
			baseConfigurationReference = E6A49EF2D5D0B83141AE3FBB /* Pods-myapp.release.xcconfig */;
			buildSettings = {
				ASSETCATALOG_COMPILER_APPICON_NAME = AppIcon;
				ASSETCATALOG_COMPILER_GLOBAL_ACCENT_COLOR_NAME = AccentColor;
				CODE_SIGN_STYLE = Automatic;
				DEVELOPMENT_ASSET_PATHS = "\"myapp/Preview Content\"";
				DEVELOPMENT_TEAM = W5834N4NK9;
				ENABLE_PREVIEWS = YES;
				INFOPLIST_FILE = myapp/Info.plist;
				LD_RUNPATH_SEARCH_PATHS = (
					"$(inherited)",
					"@executable_path/Frameworks",
				);
				PRODUCT_BUNDLE_IDENTIFIER = com.komavideo.myapp;
				PRODUCT_NAME = "$(TARGET_NAME)";
				SWIFT_VERSION = 5.0;
				TARGETED_DEVICE_FAMILY = "1,2";
			};
			name = Release;
		};
/* End XCBuildConfiguration section */

/* Begin XCConfigurationList section */
		D153FA9B2525989B0012AAAA /* Build configuration list for PBXProject "myapp" */ = {
			isa = XCConfigurationList;
			buildConfigurations = (
				D153FAB22525989C0012AAAA /* Debug */,
				D153FAB32525989C0012AAAA /* Release */,
			);
			defaultConfigurationIsVisible = 0;
			defaultConfigurationName = Release;
		};
		D153FAB42525989C0012AAAA /* Build configuration list for PBXNativeTarget "myapp" */ = {
			isa = XCConfigurationList;
			buildConfigurations = (
				D153FAB52525989C0012AAAA /* Debug */,
				D153FAB62525989C0012AAAA /* Release */,
			);
			defaultConfigurationIsVisible = 0;
			defaultConfigurationName = Release;
		};
/* End XCConfigurationList section */
	};
	rootObject = D153FA982525989B0012AAAA /* Project object */;
}
